
Microsoft Visual Studio Solution File, Format Version 12.00
# Visual Studio Version 16
VisualStudioVersion = 16.0.31005.135
MinimumVisualStudioVersion = 10.0.40219.1
Project("{FAE04EC0-301F-11D3-BF4B-00C04F79EFBC}") = "ProductorConsumidor", "ProductorConsumidor.csproj", "{D9A78112-E86A-46DA-9D95-EA27B7738F1E}"
EndProject
Global
	GlobalSection(SolutionConfigurationPlatforms) = preSolution
		Debug|Any CPU = Debug|Any CPU
		Release|Any CPU = Release|Any CPU
	EndGlobalSection
	GlobalSection(ProjectConfigurationPlatforms) = postSolution
		{D9A78112-E86A-46DA-9D95-EA27B7738F1E}.Debug|Any CPU.ActiveCfg = Debug|Any CPU
		{D9A78112-E86A-46DA-9D95-EA27B7738F1E}.Debug|Any CPU.Build.0 = Debug|Any CPU
		{D9A78112-E86A-46DA-9D95-EA27B7738F1E}.Release|Any CPU.ActiveCfg = Release|Any CPU
		{D9A78112-E86A-46DA-9D95-EA27B7738F1E}.Release|Any CPU.Build.0 = Release|Any CPU
	EndGlobalSection
	GlobalSection(SolutionProperties) = preSolution
		HideSolutionNode = FALSE
	EndGlobalSection
	GlobalSection(ExtensibilityGlobals) = postSolution
		SolutionGuid = {FDCDE32E-01E4-4326-BC84-95920D76F1B6}
	EndGlobalSection
EndGlobal
